
Microsoft Visual Studio Solution File, Format Version 12.00
# Visual Studio Version 16
VisualStudioVersion = 16.0.30011.22
MinimumVisualStudioVersion = 10.0.40219.1
Project("{FAE04EC0-301F-11D3-BF4B-00C04F79EFBC}") = "ManualDI", "ManualDI\ManualDI.csproj", "{0559C043-8EBA-4FF3-801E-1E0E8C92F903}"
EndProject
Global
	GlobalSection(SolutionConfigurationPlatforms) = preSolution
		Debug|Any CPU = Debug|Any CPU
		Release|Any CPU = Release|Any CPU
	EndGlobalSection
	GlobalSection(ProjectConfigurationPlatforms) = postSolution
		{0559C043-8EBA-4FF3-801E-1E0E8C92F903}.Debug|Any CPU.ActiveCfg = Debug|Any CPU
		{0559C043-8EBA-4FF3-801E-1E0E8C92F903}.Debug|Any CPU.Build.0 = Debug|Any CPU
		{0559C043-8EBA-4FF3-801E-1E0E8C92F903}.Release|Any CPU.ActiveCfg = Release|Any CPU
		{0559C043-8EBA-4FF3-801E-1E0E8C92F903}.Release|Any CPU.Build.0 = Release|Any CPU
	EndGlobalSection
	GlobalSection(SolutionProperties) = preSolution
		HideSolutionNode = FALSE
	EndGlobalSection
	GlobalSection(ExtensibilityGlobals) = postSolution
		SolutionGuid = {A6F22C39-D040-40BE-8DA9-AF8D136F2303}
	EndGlobalSection
EndGlobal
